// !$*UTF8*$!
{
	archiveVersion = 1;
	classes = {
	};
	objectVersion = 51;
	objects = {

/* Begin PBXBuildFile section */
		4FBF31455946D51BC3822A34 /* Pods_RXSwiftDemo.framework in Frameworks */ = {isa = PBXBuildFile; fileRef = BE68B60CF1F53930D742E1F9 /* Pods_RXSwiftDemo.framework */; };
		A44C95C920451CA0F31D2AC4 /* Pods_RXSwiftDemo_RXSwiftDemoUITests.framework in Frameworks */ = {isa = PBXBuildFile; fileRef = 6C742CDFE39A02BB6F153F15 /* Pods_RXSwiftDemo_RXSwiftDemoUITests.framework */; };
		C5DF09FE4D664E6FE490E3E7 /* Pods_RXSwiftDemoTests.framework in Frameworks */ = {isa = PBXBuildFile; fileRef = 40E8C714AC559721356FC8F6 /* Pods_RXSwiftDemoTests.framework */; };
		DE12EFE123F1242C009521E6 /* AppDelegate.swift in Sources */ = {isa = PBXBuildFile; fileRef = DE12EFE023F1242C009521E6 /* AppDelegate.swift */; };
		DE12EFE523F1242C009521E6 /* ViewController.swift in Sources */ = {isa = PBXBuildFile; fileRef = DE12EFE423F1242C009521E6 /* ViewController.swift */; };
		DE12EFE823F1242C009521E6 /* Main.storyboard in Resources */ = {isa = PBXBuildFile; fileRef = DE12EFE623F1242C009521E6 /* Main.storyboard */; };
		DE12EFEA23F1242E009521E6 /* Assets.xcassets in Resources */ = {isa = PBXBuildFile; fileRef = DE12EFE923F1242E009521E6 /* Assets.xcassets */; };
		DE12EFED23F1242E009521E6 /* LaunchScreen.storyboard in Resources */ = {isa = PBXBuildFile; fileRef = DE12EFEB23F1242E009521E6 /* LaunchScreen.storyboard */; };
		DE12EFF823F1242E009521E6 /* RXSwiftDemoTests.swift in Sources */ = {isa = PBXBuildFile; fileRef = DE12EFF723F1242E009521E6 /* RXSwiftDemoTests.swift */; };
		DE12F00323F1242E009521E6 /* RXSwiftDemoUITests.swift in Sources */ = {isa = PBXBuildFile; fileRef = DE12F00223F1242E009521E6 /* RXSwiftDemoUITests.swift */; };
		DE12F01923F151B2009521E6 /* PeopleViewModel.swift in Sources */ = {isa = PBXBuildFile; fileRef = DE12F01823F151B2009521E6 /* PeopleViewModel.swift */; };
		DE12F01B23F27C4A009521E6 /* BuyAnimationManager.swift in Sources */ = {isa = PBXBuildFile; fileRef = DE12F01A23F27C4A009521E6 /* BuyAnimationManager.swift */; };
		DE12F01D23F28698009521E6 /* ListViewController.swift in Sources */ = {isa = PBXBuildFile; fileRef = DE12F01C23F28698009521E6 /* ListViewController.swift */; };
		DE12F02023F28880009521E6 /* TableViewCell.swift in Sources */ = {isa = PBXBuildFile; fileRef = DE12F01E23F28880009521E6 /* TableViewCell.swift */; };
		DE12F02123F28880009521E6 /* TableViewCell.xib in Resources */ = {isa = PBXBuildFile; fileRef = DE12F01F23F28880009521E6 /* TableViewCell.xib */; };
		DE12F02323F2970A009521E6 /* commodity_1.png in Resources */ = {isa = PBXBuildFile; fileRef = DE12F02223F2970A009521E6 /* commodity_1.png */; };
		DE12F02523F395D4009521E6 /* DetailViewController.swift in Sources */ = {isa = PBXBuildFile; fileRef = DE12F02423F395D4009521E6 /* DetailViewController.swift */; };
		DE12F02723F39663009521E6 /* SemiModalView.swift in Sources */ = {isa = PBXBuildFile; fileRef = DE12F02623F39663009521E6 /* SemiModalView.swift */; };
		DE5E11C523F52FB300ABCFF2 /* GridViewController.swift in Sources */ = {isa = PBXBuildFile; fileRef = DE5E11C423F52FB300ABCFF2 /* GridViewController.swift */; };
		DE5E11C823F52FF600ABCFF2 /* CollectionViewCell.swift in Sources */ = {isa = PBXBuildFile; fileRef = DE5E11C623F52FF600ABCFF2 /* CollectionViewCell.swift */; };
		DE5E11C923F52FF600ABCFF2 /* CollectionViewCell.xib in Resources */ = {isa = PBXBuildFile; fileRef = DE5E11C723F52FF600ABCFF2 /* CollectionViewCell.xib */; };
		DE5E11CB23F530C800ABCFF2 /* GridViewLayout.swift in Sources */ = {isa = PBXBuildFile; fileRef = DE5E11CA23F530C800ABCFF2 /* GridViewLayout.swift */; };
		DE5E11CE23F6310E00ABCFF2 /* StarView.swift in Sources */ = {isa = PBXBuildFile; fileRef = DE5E11CD23F6310E00ABCFF2 /* StarView.swift */; };
		DE5E11D023F64B1B00ABCFF2 /* StarRateView.swift in Sources */ = {isa = PBXBuildFile; fileRef = DE5E11CF23F64B1B00ABCFF2 /* StarRateView.swift */; };
		DE5E11D323FA29D700ABCFF2 /* DouBanAPI.swift in Sources */ = {isa = PBXBuildFile; fileRef = DE5E11D223FA29D700ABCFF2 /* DouBanAPI.swift */; };
		DE5E11D523FA326000ABCFF2 /* DouBan.swift in Sources */ = {isa = PBXBuildFile; fileRef = DE5E11D423FA326000ABCFF2 /* DouBan.swift */; };
		DE5E11D723FA377500ABCFF2 /* DouBanNetworkService.swift in Sources */ = {isa = PBXBuildFile; fileRef = DE5E11D623FA377500ABCFF2 /* DouBanNetworkService.swift */; };
		DE5E11D923FA577D00ABCFF2 /* GitHubAPI.swift in Sources */ = {isa = PBXBuildFile; fileRef = DE5E11D823FA577D00ABCFF2 /* GitHubAPI.swift */; };
		DE5E11DB23FA58F500ABCFF2 /* GitHubNetworkService.swift in Sources */ = {isa = PBXBuildFile; fileRef = DE5E11DA23FA58F500ABCFF2 /* GitHubNetworkService.swift */; };
		DE5E11DD23FA591400ABCFF2 /* GitHubModel.swift in Sources */ = {isa = PBXBuildFile; fileRef = DE5E11DC23FA591400ABCFF2 /* GitHubModel.swift */; };
		DE5E11DF23FA597700ABCFF2 /* ViewModel.swift in Sources */ = {isa = PBXBuildFile; fileRef = DE5E11DE23FA597700ABCFF2 /* ViewModel.swift */; };
		DE5E11E123FA7CF600ABCFF2 /* Validation.swift in Sources */ = {isa = PBXBuildFile; fileRef = DE5E11E023FA7CF600ABCFF2 /* Validation.swift */; };
		DE5E11E323FA7E4500ABCFF2 /* GitHubSignupService.swift in Sources */ = {isa = PBXBuildFile; fileRef = DE5E11E223FA7E4500ABCFF2 /* GitHubSignupService.swift */; };
		DEEEBDA223F4DD510009884D /* PlayerView.swift in Sources */ = {isa = PBXBuildFile; fileRef = DEEEBDA123F4DD510009884D /* PlayerView.swift */; };
		DEEEBDA423F4E7A70009884D /* PlayerViewController.swift in Sources */ = {isa = PBXBuildFile; fileRef = DEEEBDA323F4E7A70009884D /* PlayerViewController.swift */; };
/* End PBXBuildFile section */

/* Begin PBXContainerItemProxy section */
		DE12EFF423F1242E009521E6 /* PBXContainerItemProxy */ = {
			isa = PBXContainerItemProxy;
			containerPortal = DE12EFD523F1242C009521E6 /* Project object */;
			proxyType = 1;
			remoteGlobalIDString = DE12EFDC23F1242C009521E6;
			remoteInfo = RXSwiftDemo;
		};
		DE12EFFF23F1242E009521E6 /* PBXContainerItemProxy */ = {
			isa = PBXContainerItemProxy;
			containerPortal = DE12EFD523F1242C009521E6 /* Project object */;
			proxyType = 1;
			remoteGlobalIDString = DE12EFDC23F1242C009521E6;
			remoteInfo = RXSwiftDemo;
		};
/* End PBXContainerItemProxy section */

/* Begin PBXFileReference section */
		2124150B13D34CB3CAC75ACD /* Pods-RXSwiftDemo.release.xcconfig */ = {isa = PBXFileReference; includeInIndex = 1; lastKnownFileType = text.xcconfig; name = "Pods-RXSwiftDemo.release.xcconfig"; path = "Target Support Files/Pods-RXSwiftDemo/Pods-RXSwiftDemo.release.xcconfig"; sourceTree = "<group>"; };
		40E8C714AC559721356FC8F6 /* Pods_RXSwiftDemoTests.framework */ = {isa = PBXFileReference; explicitFileType = wrapper.framework; includeInIndex = 0; path = Pods_RXSwiftDemoTests.framework; sourceTree = BUILT_PRODUCTS_DIR; };
		425A03536FA9D22417D62CC7 /* Pods-RXSwiftDemo.debug.xcconfig */ = {isa = PBXFileReference; includeInIndex = 1; lastKnownFileType = text.xcconfig; name = "Pods-RXSwiftDemo.debug.xcconfig"; path = "Target Support Files/Pods-RXSwiftDemo/Pods-RXSwiftDemo.debug.xcconfig"; sourceTree = "<group>"; };
		4DE976D9607DBDF4773FAD9C /* Pods-RXSwiftDemoTests.debug.xcconfig */ = {isa = PBXFileReference; includeInIndex = 1; lastKnownFileType = text.xcconfig; name = "Pods-RXSwiftDemoTests.debug.xcconfig"; path = "Target Support Files/Pods-RXSwiftDemoTests/Pods-RXSwiftDemoTests.debug.xcconfig"; sourceTree = "<group>"; };
		6C742CDFE39A02BB6F153F15 /* Pods_RXSwiftDemo_RXSwiftDemoUITests.framework */ = {isa = PBXFileReference; explicitFileType = wrapper.framework; includeInIndex = 0; path = Pods_RXSwiftDemo_RXSwiftDemoUITests.framework; sourceTree = BUILT_PRODUCTS_DIR; };
		7F4D1CDF0053E187AA6DEB37 /* Pods-RXSwiftDemo-RXSwiftDemoUITests.release.xcconfig */ = {isa = PBXFileReference; includeInIndex = 1; lastKnownFileType = text.xcconfig; name = "Pods-RXSwiftDemo-RXSwiftDemoUITests.release.xcconfig"; path = "Target Support Files/Pods-RXSwiftDemo-RXSwiftDemoUITests/Pods-RXSwiftDemo-RXSwiftDemoUITests.release.xcconfig"; sourceTree = "<group>"; };
		811B805C3951D2722BF875DB /* Pods-RXSwiftDemoTests.release.xcconfig */ = {isa = PBXFileReference; includeInIndex = 1; lastKnownFileType = text.xcconfig; name = "Pods-RXSwiftDemoTests.release.xcconfig"; path = "Target Support Files/Pods-RXSwiftDemoTests/Pods-RXSwiftDemoTests.release.xcconfig"; sourceTree = "<group>"; };
		B14BF0DDC0B801F6DBE05EF5 /* Pods-RXSwiftDemo-RXSwiftDemoUITests.debug.xcconfig */ = {isa = PBXFileReference; includeInIndex = 1; lastKnownFileType = text.xcconfig; name = "Pods-RXSwiftDemo-RXSwiftDemoUITests.debug.xcconfig"; path = "Target Support Files/Pods-RXSwiftDemo-RXSwiftDemoUITests/Pods-RXSwiftDemo-RXSwiftDemoUITests.debug.xcconfig"; sourceTree = "<group>"; };
		BE68B60CF1F53930D742E1F9 /* Pods_RXSwiftDemo.framework */ = {isa = PBXFileReference; explicitFileType = wrapper.framework; includeInIndex = 0; path = Pods_RXSwiftDemo.framework; sourceTree = BUILT_PRODUCTS_DIR; };
		DE12EFDD23F1242C009521E6 /* RXSwiftDemo.app */ = {isa = PBXFileReference; explicitFileType = wrapper.application; includeInIndex = 0; path = RXSwiftDemo.app; sourceTree = BUILT_PRODUCTS_DIR; };
		DE12EFE023F1242C009521E6 /* AppDelegate.swift */ = {isa = PBXFileReference; lastKnownFileType = sourcecode.swift; path = AppDelegate.swift; sourceTree = "<group>"; };
		DE12EFE423F1242C009521E6 /* ViewController.swift */ = {isa = PBXFileReference; lastKnownFileType = sourcecode.swift; path = ViewController.swift; sourceTree = "<group>"; };
		DE12EFE723F1242C009521E6 /* Base */ = {isa = PBXFileReference; lastKnownFileType = file.storyboard; name = Base; path = Base.lproj/Main.storyboard; sourceTree = "<group>"; };
		DE12EFE923F1242E009521E6 /* Assets.xcassets */ = {isa = PBXFileReference; lastKnownFileType = folder.assetcatalog; path = Assets.xcassets; sourceTree = "<group>"; };
		DE12EFEC23F1242E009521E6 /* Base */ = {isa = PBXFileReference; lastKnownFileType = file.storyboard; name = Base; path = Base.lproj/LaunchScreen.storyboard; sourceTree = "<group>"; };
		DE12EFEE23F1242E009521E6 /* Info.plist */ = {isa = PBXFileReference; lastKnownFileType = text.plist.xml; path = Info.plist; sourceTree = "<group>"; };
		DE12EFF323F1242E009521E6 /* RXSwiftDemoTests.xctest */ = {isa = PBXFileReference; explicitFileType = wrapper.cfbundle; includeInIndex = 0; path = RXSwiftDemoTests.xctest; sourceTree = BUILT_PRODUCTS_DIR; };
		DE12EFF723F1242E009521E6 /* RXSwiftDemoTests.swift */ = {isa = PBXFileReference; lastKnownFileType = sourcecode.swift; path = RXSwiftDemoTests.swift; sourceTree = "<group>"; };
		DE12EFF923F1242E009521E6 /* Info.plist */ = {isa = PBXFileReference; lastKnownFileType = text.plist.xml; path = Info.plist; sourceTree = "<group>"; };
		DE12EFFE23F1242E009521E6 /* RXSwiftDemoUITests.xctest */ = {isa = PBXFileReference; explicitFileType = wrapper.cfbundle; includeInIndex = 0; path = RXSwiftDemoUITests.xctest; sourceTree = BUILT_PRODUCTS_DIR; };
		DE12F00223F1242E009521E6 /* RXSwiftDemoUITests.swift */ = {isa = PBXFileReference; lastKnownFileType = sourcecode.swift; path = RXSwiftDemoUITests.swift; sourceTree = "<group>"; };
		DE12F00423F1242E009521E6 /* Info.plist */ = {isa = PBXFileReference; lastKnownFileType = text.plist.xml; path = Info.plist; sourceTree = "<group>"; };
		DE12F01823F151B2009521E6 /* PeopleViewModel.swift */ = {isa = PBXFileReference; lastKnownFileType = sourcecode.swift; path = PeopleViewModel.swift; sourceTree = "<group>"; };
		DE12F01A23F27C4A009521E6 /* BuyAnimationManager.swift */ = {isa = PBXFileReference; lastKnownFileType = sourcecode.swift; path = BuyAnimationManager.swift; sourceTree = "<group>"; };
		DE12F01C23F28698009521E6 /* ListViewController.swift */ = {isa = PBXFileReference; lastKnownFileType = sourcecode.swift; path = ListViewController.swift; sourceTree = "<group>"; };
		DE12F01E23F28880009521E6 /* TableViewCell.swift */ = {isa = PBXFileReference; lastKnownFileType = sourcecode.swift; path = TableViewCell.swift; sourceTree = "<group>"; };
		DE12F01F23F28880009521E6 /* TableViewCell.xib */ = {isa = PBXFileReference; lastKnownFileType = file.xib; path = TableViewCell.xib; sourceTree = "<group>"; };
		DE12F02223F2970A009521E6 /* commodity_1.png */ = {isa = PBXFileReference; lastKnownFileType = image.png; path = commodity_1.png; sourceTree = "<group>"; };
		DE12F02423F395D4009521E6 /* DetailViewController.swift */ = {isa = PBXFileReference; lastKnownFileType = sourcecode.swift; path = DetailViewController.swift; sourceTree = "<group>"; };
		DE12F02623F39663009521E6 /* SemiModalView.swift */ = {isa = PBXFileReference; lastKnownFileType = sourcecode.swift; path = SemiModalView.swift; sourceTree = "<group>"; };
		DE5E11C423F52FB300ABCFF2 /* GridViewController.swift */ = {isa = PBXFileReference; lastKnownFileType = sourcecode.swift; path = GridViewController.swift; sourceTree = "<group>"; };
		DE5E11C623F52FF600ABCFF2 /* CollectionViewCell.swift */ = {isa = PBXFileReference; lastKnownFileType = sourcecode.swift; path = CollectionViewCell.swift; sourceTree = "<group>"; };
		DE5E11C723F52FF600ABCFF2 /* CollectionViewCell.xib */ = {isa = PBXFileReference; lastKnownFileType = file.xib; path = CollectionViewCell.xib; sourceTree = "<group>"; };
		DE5E11CA23F530C800ABCFF2 /* GridViewLayout.swift */ = {isa = PBXFileReference; lastKnownFileType = sourcecode.swift; path = GridViewLayout.swift; sourceTree = "<group>"; };
		DE5E11CD23F6310E00ABCFF2 /* StarView.swift */ = {isa = PBXFileReference; lastKnownFileType = sourcecode.swift; path = StarView.swift; sourceTree = "<group>"; };
		DE5E11CF23F64B1B00ABCFF2 /* StarRateView.swift */ = {isa = PBXFileReference; lastKnownFileType = sourcecode.swift; path = StarRateView.swift; sourceTree = "<group>"; };
		DE5E11D223FA29D700ABCFF2 /* DouBanAPI.swift */ = {isa = PBXFileReference; lastKnownFileType = sourcecode.swift; path = DouBanAPI.swift; sourceTree = "<group>"; };
		DE5E11D423FA326000ABCFF2 /* DouBan.swift */ = {isa = PBXFileReference; lastKnownFileType = sourcecode.swift; path = DouBan.swift; sourceTree = "<group>"; };
		DE5E11D623FA377500ABCFF2 /* DouBanNetworkService.swift */ = {isa = PBXFileReference; lastKnownFileType = sourcecode.swift; path = DouBanNetworkService.swift; sourceTree = "<group>"; };
		DE5E11D823FA577D00ABCFF2 /* GitHubAPI.swift */ = {isa = PBXFileReference; lastKnownFileType = sourcecode.swift; path = GitHubAPI.swift; sourceTree = "<group>"; };
		DE5E11DA23FA58F500ABCFF2 /* GitHubNetworkService.swift */ = {isa = PBXFileReference; lastKnownFileType = sourcecode.swift; path = GitHubNetworkService.swift; sourceTree = "<group>"; };
		DE5E11DC23FA591400ABCFF2 /* GitHubModel.swift */ = {isa = PBXFileReference; lastKnownFileType = sourcecode.swift; path = GitHubModel.swift; sourceTree = "<group>"; };
		DE5E11DE23FA597700ABCFF2 /* ViewModel.swift */ = {isa = PBXFileReference; lastKnownFileType = sourcecode.swift; path = ViewModel.swift; sourceTree = "<group>"; };
		DE5E11E023FA7CF600ABCFF2 /* Validation.swift */ = {isa = PBXFileReference; lastKnownFileType = sourcecode.swift; path = Validation.swift; sourceTree = "<group>"; };
		DE5E11E223FA7E4500ABCFF2 /* GitHubSignupService.swift */ = {isa = PBXFileReference; lastKnownFileType = sourcecode.swift; path = GitHubSignupService.swift; sourceTree = "<group>"; };
		DEEEBDA123F4DD510009884D /* PlayerView.swift */ = {isa = PBXFileReference; lastKnownFileType = sourcecode.swift; path = PlayerView.swift; sourceTree = "<group>"; };
		DEEEBDA323F4E7A70009884D /* PlayerViewController.swift */ = {isa = PBXFileReference; lastKnownFileType = sourcecode.swift; path = PlayerViewController.swift; sourceTree = "<group>"; };
/* End PBXFileReference section */

/* Begin PBXFrameworksBuildPhase section */
		DE12EFDA23F1242C009521E6 /* Frameworks */ = {
			isa = PBXFrameworksBuildPhase;
			buildActionMask = 2147483647;
			files = (
				4FBF31455946D51BC3822A34 /* Pods_RXSwiftDemo.framework in Frameworks */,
			);
			runOnlyForDeploymentPostprocessing = 0;
		};
		DE12EFF023F1242E009521E6 /* Frameworks */ = {
			isa = PBXFrameworksBuildPhase;
			buildActionMask = 2147483647;
			files = (
				C5DF09FE4D664E6FE490E3E7 /* Pods_RXSwiftDemoTests.framework in Frameworks */,
			);
			runOnlyForDeploymentPostprocessing = 0;
		};
		DE12EFFB23F1242E009521E6 /* Frameworks */ = {
			isa = PBXFrameworksBuildPhase;
			buildActionMask = 2147483647;
			files = (
				A44C95C920451CA0F31D2AC4 /* Pods_RXSwiftDemo_RXSwiftDemoUITests.framework in Frameworks */,
			);
			runOnlyForDeploymentPostprocessing = 0;
		};
/* End PBXFrameworksBuildPhase section */

/* Begin PBXGroup section */
		4AC33AA218770BD963AD6744 /* Pods */ = {
			isa = PBXGroup;
			children = (
				425A03536FA9D22417D62CC7 /* Pods-RXSwiftDemo.debug.xcconfig */,
				2124150B13D34CB3CAC75ACD /* Pods-RXSwiftDemo.release.xcconfig */,
				B14BF0DDC0B801F6DBE05EF5 /* Pods-RXSwiftDemo-RXSwiftDemoUITests.debug.xcconfig */,
				7F4D1CDF0053E187AA6DEB37 /* Pods-RXSwiftDemo-RXSwiftDemoUITests.release.xcconfig */,
				4DE976D9607DBDF4773FAD9C /* Pods-RXSwiftDemoTests.debug.xcconfig */,
				811B805C3951D2722BF875DB /* Pods-RXSwiftDemoTests.release.xcconfig */,
			);
			path = Pods;
			sourceTree = "<group>";
		};
		6634723665A6E35BEEF37799 /* Frameworks */ = {
			isa = PBXGroup;
			children = (
				BE68B60CF1F53930D742E1F9 /* Pods_RXSwiftDemo.framework */,
				6C742CDFE39A02BB6F153F15 /* Pods_RXSwiftDemo_RXSwiftDemoUITests.framework */,
				40E8C714AC559721356FC8F6 /* Pods_RXSwiftDemoTests.framework */,
			);
			name = Frameworks;
			sourceTree = "<group>";
		};
		DE12EFD423F1242C009521E6 = {
			isa = PBXGroup;
			children = (
				DE12EFDF23F1242C009521E6 /* RXSwiftDemo */,
				DE12EFF623F1242E009521E6 /* RXSwiftDemoTests */,
				DE12F00123F1242E009521E6 /* RXSwiftDemoUITests */,
				DE12EFDE23F1242C009521E6 /* Products */,
				4AC33AA218770BD963AD6744 /* Pods */,
				6634723665A6E35BEEF37799 /* Frameworks */,
			);
			sourceTree = "<group>";
		};
		DE12EFDE23F1242C009521E6 /* Products */ = {
			isa = PBXGroup;
			children = (
				DE12EFDD23F1242C009521E6 /* RXSwiftDemo.app */,
				DE12EFF323F1242E009521E6 /* RXSwiftDemoTests.xctest */,
				DE12EFFE23F1242E009521E6 /* RXSwiftDemoUITests.xctest */,
			);
			name = Products;
			sourceTree = "<group>";
		};
		DE12EFDF23F1242C009521E6 /* RXSwiftDemo */ = {
			isa = PBXGroup;
			children = (
				DE5E11D123FA29AE00ABCFF2 /* network */,
				DE5E11CC23F630BE00ABCFF2 /* star */,
				DEEEBDA023F4DD2C0009884D /* player */,
				DE12F02823F3DD34009521E6 /* animation */,
				DE12EFE023F1242C009521E6 /* AppDelegate.swift */,
				DE12EFE423F1242C009521E6 /* ViewController.swift */,
				DE12EFE623F1242C009521E6 /* Main.storyboard */,
				DE12EFE923F1242E009521E6 /* Assets.xcassets */,
				DE12F02223F2970A009521E6 /* commodity_1.png */,
				DE12EFEB23F1242E009521E6 /* LaunchScreen.storyboard */,
				DE12EFEE23F1242E009521E6 /* Info.plist */,
				DE12F01823F151B2009521E6 /* PeopleViewModel.swift */,
				DE12F01C23F28698009521E6 /* ListViewController.swift */,
				DE12F01E23F28880009521E6 /* TableViewCell.swift */,
				DE12F01F23F28880009521E6 /* TableViewCell.xib */,
				DE12F02423F395D4009521E6 /* DetailViewController.swift */,
				DE5E11C423F52FB300ABCFF2 /* GridViewController.swift */,
				DE5E11C623F52FF600ABCFF2 /* CollectionViewCell.swift */,
				DE5E11C723F52FF600ABCFF2 /* CollectionViewCell.xib */,
				DE5E11CA23F530C800ABCFF2 /* GridViewLayout.swift */,
			);
			path = RXSwiftDemo;
			sourceTree = "<group>";
		};
		DE12EFF623F1242E009521E6 /* RXSwiftDemoTests */ = {
			isa = PBXGroup;
			children = (
				DE12EFF723F1242E009521E6 /* RXSwiftDemoTests.swift */,
				DE12EFF923F1242E009521E6 /* Info.plist */,
			);
			path = RXSwiftDemoTests;
			sourceTree = "<group>";
		};
		DE12F00123F1242E009521E6 /* RXSwiftDemoUITests */ = {
			isa = PBXGroup;
			children = (
				DE12F00223F1242E009521E6 /* RXSwiftDemoUITests.swift */,
				DE12F00423F1242E009521E6 /* Info.plist */,
			);
			path = RXSwiftDemoUITests;
			sourceTree = "<group>";
		};
		DE12F02823F3DD34009521E6 /* animation */ = {
			isa = PBXGroup;
			children = (
				DE12F01A23F27C4A009521E6 /* BuyAnimationManager.swift */,
				DE12F02623F39663009521E6 /* SemiModalView.swift */,
			);
			path = animation;
			sourceTree = "<group>";
		};
		DE5E11CC23F630BE00ABCFF2 /* star */ = {
			isa = PBXGroup;
			children = (
				DE5E11CD23F6310E00ABCFF2 /* StarView.swift */,
				DE5E11CF23F64B1B00ABCFF2 /* StarRateView.swift */,
			);
			path = star;
			sourceTree = "<group>";
		};
		DE5E11D123FA29AE00ABCFF2 /* network */ = {
			isa = PBXGroup;
			children = (
				DE5E11D223FA29D700ABCFF2 /* DouBanAPI.swift */,
				DE5E11D423FA326000ABCFF2 /* DouBan.swift */,
				DE5E11D623FA377500ABCFF2 /* DouBanNetworkService.swift */,
				DE5E11D823FA577D00ABCFF2 /* GitHubAPI.swift */,
				DE5E11DA23FA58F500ABCFF2 /* GitHubNetworkService.swift */,
				DE5E11DC23FA591400ABCFF2 /* GitHubModel.swift */,
				DE5E11DE23FA597700ABCFF2 /* ViewModel.swift */,
				DE5E11E023FA7CF600ABCFF2 /* Validation.swift */,
				DE5E11E223FA7E4500ABCFF2 /* GitHubSignupService.swift */,
			);
			path = network;
			sourceTree = "<group>";
		};
		DEEEBDA023F4DD2C0009884D /* player */ = {
			isa = PBXGroup;
			children = (
				DEEEBDA123F4DD510009884D /* PlayerView.swift */,
				DEEEBDA323F4E7A70009884D /* PlayerViewController.swift */,
			);
			path = player;
			sourceTree = "<group>";
		};
/* End PBXGroup section */

/* Begin PBXNativeTarget section */
		DE12EFDC23F1242C009521E6 /* RXSwiftDemo */ = {
			isa = PBXNativeTarget;
			buildConfigurationList = DE12F00723F1242E009521E6 /* Build configuration list for PBXNativeTarget "RXSwiftDemo" */;
			buildPhases = (
				8D6C99EAD277020190E27483 /* [CP] Check Pods Manifest.lock */,
				DE12EFD923F1242C009521E6 /* Sources */,
				DE12EFDA23F1242C009521E6 /* Frameworks */,
				DE12EFDB23F1242C009521E6 /* Resources */,
				9469C722E212252B0FC0350D /* [CP] Embed Pods Frameworks */,
			);
			buildRules = (
			);
			dependencies = (
			);
			name = RXSwiftDemo;
			productName = RXSwiftDemo;
			productReference = DE12EFDD23F1242C009521E6 /* RXSwiftDemo.app */;
			productType = "com.apple.product-type.application";
		};
		DE12EFF223F1242E009521E6 /* RXSwiftDemoTests */ = {
			isa = PBXNativeTarget;
			buildConfigurationList = DE12F00A23F1242E009521E6 /* Build configuration list for PBXNativeTarget "RXSwiftDemoTests" */;
			buildPhases = (
				765B08537E0042BF661A5175 /* [CP] Check Pods Manifest.lock */,
				DE12EFEF23F1242E009521E6 /* Sources */,
				DE12EFF023F1242E009521E6 /* Frameworks */,
				DE12EFF123F1242E009521E6 /* Resources */,
			);
			buildRules = (
			);
			dependencies = (
				DE12EFF523F1242E009521E6 /* PBXTargetDependency */,
			);
			name = RXSwiftDemoTests;
			productName = RXSwiftDemoTests;
			productReference = DE12EFF323F1242E009521E6 /* RXSwiftDemoTests.xctest */;
			productType = "com.apple.product-type.bundle.unit-test";
		};
		DE12EFFD23F1242E009521E6 /* RXSwiftDemoUITests */ = {
			isa = PBXNativeTarget;
			buildConfigurationList = DE12F00D23F1242E009521E6 /* Build configuration list for PBXNativeTarget "RXSwiftDemoUITests" */;
			buildPhases = (
				F66784A678A888985110FD54 /* [CP] Check Pods Manifest.lock */,
				DE12EFFA23F1242E009521E6 /* Sources */,
				DE12EFFB23F1242E009521E6 /* Frameworks */,
				DE12EFFC23F1242E009521E6 /* Resources */,
				E7F37501EFF07E847006AB58 /* [CP] Embed Pods Frameworks */,
			);
			buildRules = (
			);
			dependencies = (
				DE12F00023F1242E009521E6 /* PBXTargetDependency */,
			);
			name = RXSwiftDemoUITests;
			productName = RXSwiftDemoUITests;
			productReference = DE12EFFE23F1242E009521E6 /* RXSwiftDemoUITests.xctest */;
			productType = "com.apple.product-type.bundle.ui-testing";
		};
/* End PBXNativeTarget section */

/* Begin PBXProject section */
		DE12EFD523F1242C009521E6 /* Project object */ = {
			isa = PBXProject;
			attributes = {
				LastSwiftUpdateCheck = 1130;
				LastUpgradeCheck = 1130;
				ORGANIZATIONNAME = NULL;
				TargetAttributes = {
					DE12EFDC23F1242C009521E6 = {
						CreatedOnToolsVersion = 11.3.1;
					};
					DE12EFF223F1242E009521E6 = {
						CreatedOnToolsVersion = 11.3.1;
						TestTargetID = DE12EFDC23F1242C009521E6;
					};
					DE12EFFD23F1242E009521E6 = {
						CreatedOnToolsVersion = 11.3.1;
						TestTargetID = DE12EFDC23F1242C009521E6;
					};
				};
			};
			buildConfigurationList = DE12EFD823F1242C009521E6 /* Build configuration list for PBXProject "RXSwiftDemo" */;
			compatibilityVersion = "Xcode 9.3";
			developmentRegion = en;
			hasScannedForEncodings = 0;
			knownRegions = (
				en,
				Base,
			);
			mainGroup = DE12EFD423F1242C009521E6;
			productRefGroup = DE12EFDE23F1242C009521E6 /* Products */;
			projectDirPath = "";
			projectRoot = "";
			targets = (
				DE12EFDC23F1242C009521E6 /* RXSwiftDemo */,
				DE12EFF223F1242E009521E6 /* RXSwiftDemoTests */,
				DE12EFFD23F1242E009521E6 /* RXSwiftDemoUITests */,
			);
		};
/* End PBXProject section */

/* Begin PBXResourcesBuildPhase section */
		DE12EFDB23F1242C009521E6 /* Resources */ = {
			isa = PBXResourcesBuildPhase;
			buildActionMask = 2147483647;
			files = (
				DE12EFED23F1242E009521E6 /* LaunchScreen.storyboard in Resources */,
				DE12F02123F28880009521E6 /* TableViewCell.xib in Resources */,
				DE5E11C923F52FF600ABCFF2 /* CollectionViewCell.xib in Resources */,
				DE12EFEA23F1242E009521E6 /* Assets.xcassets in Resources */,
				DE12EFE823F1242C009521E6 /* Main.storyboard in Resources */,
				DE12F02323F2970A009521E6 /* commodity_1.png in Resources */,
			);
			runOnlyForDeploymentPostprocessing = 0;
		};
		DE12EFF123F1242E009521E6 /* Resources */ = {
			isa = PBXResourcesBuildPhase;
			buildActionMask = 2147483647;
			files = (
			);
			runOnlyForDeploymentPostprocessing = 0;
		};
		DE12EFFC23F1242E009521E6 /* Resources */ = {
			isa = PBXResourcesBuildPhase;
			buildActionMask = 2147483647;
			files = (
			);
			runOnlyForDeploymentPostprocessing = 0;
		};
/* End PBXResourcesBuildPhase section */

/* Begin PBXShellScriptBuildPhase section */
		765B08537E0042BF661A5175 /* [CP] Check Pods Manifest.lock */ = {
			isa = PBXShellScriptBuildPhase;
			buildActionMask = 2147483647;
			files = (
			);
			inputFileListPaths = (
			);
			inputPaths = (
				"${PODS_PODFILE_DIR_PATH}/Podfile.lock",
				"${PODS_ROOT}/Manifest.lock",
			);
			name = "[CP] Check Pods Manifest.lock";
			outputFileListPaths = (
			);
			outputPaths = (
				"$(DERIVED_FILE_DIR)/Pods-RXSwiftDemoTests-checkManifestLockResult.txt",
			);
			runOnlyForDeploymentPostprocessing = 0;
			shellPath = /bin/sh;
			shellScript = "diff \"${PODS_PODFILE_DIR_PATH}/Podfile.lock\" \"${PODS_ROOT}/Manifest.lock\" > /dev/null\nif [ $? != 0 ] ; then\n    # print error to STDERR\n    echo \"error: The sandbox is not in sync with the Podfile.lock. Run 'pod install' or update your CocoaPods installation.\" >&2\n    exit 1\nfi\n# This output is used by Xcode 'outputs' to avoid re-running this script phase.\necho \"SUCCESS\" > \"${SCRIPT_OUTPUT_FILE_0}\"\n";
			showEnvVarsInLog = 0;
		};
		8D6C99EAD277020190E27483 /* [CP] Check Pods Manifest.lock */ = {
			isa = PBXShellScriptBuildPhase;
			buildActionMask = 2147483647;
			files = (
			);
			inputFileListPaths = (
			);
			inputPaths = (
				"${PODS_PODFILE_DIR_PATH}/Podfile.lock",
				"${PODS_ROOT}/Manifest.lock",
			);
			name = "[CP] Check Pods Manifest.lock";
			outputFileListPaths = (
			);
			outputPaths = (
				"$(DERIVED_FILE_DIR)/Pods-RXSwiftDemo-checkManifestLockResult.txt",
			);
			runOnlyForDeploymentPostprocessing = 0;
			shellPath = /bin/sh;
			shellScript = "diff \"${PODS_PODFILE_DIR_PATH}/Podfile.lock\" \"${PODS_ROOT}/Manifest.lock\" > /dev/null\nif [ $? != 0 ] ; then\n    # print error to STDERR\n    echo \"error: The sandbox is not in sync with the Podfile.lock. Run 'pod install' or update your CocoaPods installation.\" >&2\n    exit 1\nfi\n# This output is used by Xcode 'outputs' to avoid re-running this script phase.\necho \"SUCCESS\" > \"${SCRIPT_OUTPUT_FILE_0}\"\n";
			showEnvVarsInLog = 0;
		};
		9469C722E212252B0FC0350D /* [CP] Embed Pods Frameworks */ = {
			isa = PBXShellScriptBuildPhase;
			buildActionMask = 2147483647;
			files = (
			);
			inputFileListPaths = (
				"${PODS_ROOT}/Target Support Files/Pods-RXSwiftDemo/Pods-RXSwiftDemo-frameworks-${CONFIGURATION}-input-files.xcfilelist",
			);
			name = "[CP] Embed Pods Frameworks";
			outputFileListPaths = (
				"${PODS_ROOT}/Target Support Files/Pods-RXSwiftDemo/Pods-RXSwiftDemo-frameworks-${CONFIGURATION}-output-files.xcfilelist",
			);
			runOnlyForDeploymentPostprocessing = 0;
			shellPath = /bin/sh;
			shellScript = "\"${PODS_ROOT}/Target Support Files/Pods-RXSwiftDemo/Pods-RXSwiftDemo-frameworks.sh\"\n";
			showEnvVarsInLog = 0;
		};
		E7F37501EFF07E847006AB58 /* [CP] Embed Pods Frameworks */ = {
			isa = PBXShellScriptBuildPhase;
			buildActionMask = 2147483647;
			files = (
			);
			inputFileListPaths = (
				"${PODS_ROOT}/Target Support Files/Pods-RXSwiftDemo-RXSwiftDemoUITests/Pods-RXSwiftDemo-RXSwiftDemoUITests-frameworks-${CONFIGURATION}-input-files.xcfilelist",
			);
			name = "[CP] Embed Pods Frameworks";
			outputFileListPaths = (
				"${PODS_ROOT}/Target Support Files/Pods-RXSwiftDemo-RXSwiftDemoUITests/Pods-RXSwiftDemo-RXSwiftDemoUITests-frameworks-${CONFIGURATION}-output-files.xcfilelist",
			);
			runOnlyForDeploymentPostprocessing = 0;
			shellPath = /bin/sh;
			shellScript = "\"${PODS_ROOT}/Target Support Files/Pods-RXSwiftDemo-RXSwiftDemoUITests/Pods-RXSwiftDemo-RXSwiftDemoUITests-frameworks.sh\"\n";
			showEnvVarsInLog = 0;
		};
		F66784A678A888985110FD54 /* [CP] Check Pods Manifest.lock */ = {
			isa = PBXShellScriptBuildPhase;
			buildActionMask = 2147483647;
			files = (
			);
			inputFileListPaths = (
			);
			inputPaths = (
				"${PODS_PODFILE_DIR_PATH}/Podfile.lock",
				"${PODS_ROOT}/Manifest.lock",
			);
			name = "[CP] Check Pods Manifest.lock";
			outputFileListPaths = (
			);
			outputPaths = (
				"$(DERIVED_FILE_DIR)/Pods-RXSwiftDemo-RXSwiftDemoUITests-checkManifestLockResult.txt",
			);
			runOnlyForDeploymentPostprocessing = 0;
			shellPath = /bin/sh;
			shellScript = "diff \"${PODS_PODFILE_DIR_PATH}/Podfile.lock\" \"${PODS_ROOT}/Manifest.lock\" > /dev/null\nif [ $? != 0 ] ; then\n    # print error to STDERR\n    echo \"error: The sandbox is not in sync with the Podfile.lock. Run 'pod install' or update your CocoaPods installation.\" >&2\n    exit 1\nfi\n# This output is used by Xcode 'outputs' to avoid re-running this script phase.\necho \"SUCCESS\" > \"${SCRIPT_OUTPUT_FILE_0}\"\n";
			showEnvVarsInLog = 0;
		};
/* End PBXShellScriptBuildPhase section */

/* Begin PBXSourcesBuildPhase section */
		DE12EFD923F1242C009521E6 /* Sources */ = {
			isa = PBXSourcesBuildPhase;
			buildActionMask = 2147483647;
			files = (
				DEEEBDA223F4DD510009884D /* PlayerView.swift in Sources */,
				DE5E11D523FA326000ABCFF2 /* DouBan.swift in Sources */,
				DE12EFE523F1242C009521E6 /* ViewController.swift in Sources */,
				DE5E11C823F52FF600ABCFF2 /* CollectionViewCell.swift in Sources */,
				DE5E11D023F64B1B00ABCFF2 /* StarRateView.swift in Sources */,
				DE12F01923F151B2009521E6 /* PeopleViewModel.swift in Sources */,
				DE5E11E323FA7E4500ABCFF2 /* GitHubSignupService.swift in Sources */,
				DE5E11D923FA577D00ABCFF2 /* GitHubAPI.swift in Sources */,
				DE12EFE123F1242C009521E6 /* AppDelegate.swift in Sources */,
				DE5E11C523F52FB300ABCFF2 /* GridViewController.swift in Sources */,
				DE12F02023F28880009521E6 /* TableViewCell.swift in Sources */,
				DE12F02723F39663009521E6 /* SemiModalView.swift in Sources */,
				DE5E11DD23FA591400ABCFF2 /* GitHubModel.swift in Sources */,
				DE5E11E123FA7CF600ABCFF2 /* Validation.swift in Sources */,
				DE12F01D23F28698009521E6 /* ListViewController.swift in Sources */,
				DE5E11D723FA377500ABCFF2 /* DouBanNetworkService.swift in Sources */,
				DE5E11DF23FA597700ABCFF2 /* ViewModel.swift in Sources */,
				DE5E11CB23F530C800ABCFF2 /* GridViewLayout.swift in Sources */,
				DE12F01B23F27C4A009521E6 /* BuyAnimationManager.swift in Sources */,
				DE12F02523F395D4009521E6 /* DetailViewController.swift in Sources */,
				DE5E11D323FA29D700ABCFF2 /* DouBanAPI.swift in Sources */,
				DEEEBDA423F4E7A70009884D /* PlayerViewController.swift in Sources */,
				DE5E11CE23F6310E00ABCFF2 /* StarView.swift in Sources */,
				DE5E11DB23FA58F500ABCFF2 /* GitHubNetworkService.swift in Sources */,
			);
			runOnlyForDeploymentPostprocessing = 0;
		};
		DE12EFEF23F1242E009521E6 /* Sources */ = {
			isa = PBXSourcesBuildPhase;
			buildActionMask = 2147483647;
			files = (
				DE12EFF823F1242E009521E6 /* RXSwiftDemoTests.swift in Sources */,
			);
			runOnlyForDeploymentPostprocessing = 0;
		};
		DE12EFFA23F1242E009521E6 /* Sources */ = {
			isa = PBXSourcesBuildPhase;
			buildActionMask = 2147483647;
			files = (
				DE12F00323F1242E009521E6 /* RXSwiftDemoUITests.swift in Sources */,
			);
			runOnlyForDeploymentPostprocessing = 0;
		};
/* End PBXSourcesBuildPhase section */

/* Begin PBXTargetDependency section */
		DE12EFF523F1242E009521E6 /* PBXTargetDependency */ = {
			isa = PBXTargetDependency;
			target = DE12EFDC23F1242C009521E6 /* RXSwiftDemo */;
			targetProxy = DE12EFF423F1242E009521E6 /* PBXContainerItemProxy */;
		};
		DE12F00023F1242E009521E6 /* PBXTargetDependency */ = {
			isa = PBXTargetDependency;
			target = DE12EFDC23F1242C009521E6 /* RXSwiftDemo */;
			targetProxy = DE12EFFF23F1242E009521E6 /* PBXContainerItemProxy */;
		};
/* End PBXTargetDependency section */

/* Begin PBXVariantGroup section */
		DE12EFE623F1242C009521E6 /* Main.storyboard */ = {
			isa = PBXVariantGroup;
			children = (
				DE12EFE723F1242C009521E6 /* Base */,
			);
			name = Main.storyboard;
			sourceTree = "<group>";
		};
		DE12EFEB23F1242E009521E6 /* LaunchScreen.storyboard */ = {
			isa = PBXVariantGroup;
			children = (
				DE12EFEC23F1242E009521E6 /* Base */,
			);
			name = LaunchScreen.storyboard;
			sourceTree = "<group>";
		};
/* End PBXVariantGroup section */

/* Begin XCBuildConfiguration section */
		DE12F00523F1242E009521E6 /* Debug */ = {
			isa = XCBuildConfiguration;
			buildSettings = {
				ALWAYS_SEARCH_USER_PATHS = NO;
				CLANG_ANALYZER_NONNULL = YES;
				CLANG_ANALYZER_NUMBER_OBJECT_CONVERSION = YES_AGGRESSIVE;
				CLANG_CXX_LANGUAGE_STANDARD = "gnu++14";
				CLANG_CXX_LIBRARY = "libc++";
				CLANG_ENABLE_MODULES = YES;
				CLANG_ENABLE_OBJC_ARC = YES;
				CLANG_ENABLE_OBJC_WEAK = YES;
				CLANG_WARN_BLOCK_CAPTURE_AUTORELEASING = YES;
				CLANG_WARN_BOOL_CONVERSION = YES;
				CLANG_WARN_COMMA = YES;
				CLANG_WARN_CONSTANT_CONVERSION = YES;
				CLANG_WARN_DEPRECATED_OBJC_IMPLEMENTATIONS = YES;
				CLANG_WARN_DIRECT_OBJC_ISA_USAGE = YES_ERROR;
				CLANG_WARN_DOCUMENTATION_COMMENTS = YES;
				CLANG_WARN_EMPTY_BODY = YES;
				CLANG_WARN_ENUM_CONVERSION = YES;
				CLANG_WARN_INFINITE_RECURSION = YES;
				CLANG_WARN_INT_CONVERSION = YES;
				CLANG_WARN_NON_LITERAL_NULL_CONVERSION = YES;
				CLANG_WARN_OBJC_IMPLICIT_RETAIN_SELF = YES;
				CLANG_WARN_OBJC_LITERAL_CONVERSION = YES;
				CLANG_WARN_OBJC_ROOT_CLASS = YES_ERROR;
				CLANG_WARN_RANGE_LOOP_ANALYSIS = YES;
				CLANG_WARN_STRICT_PROTOTYPES = YES;
				CLANG_WARN_SUSPICIOUS_MOVE = YES;
				CLANG_WARN_UNGUARDED_AVAILABILITY = YES_AGGRESSIVE;
				CLANG_WARN_UNREACHABLE_CODE = YES;
				CLANG_WARN__DUPLICATE_METHOD_MATCH = YES;
				COPY_PHASE_STRIP = NO;
				DEBUG_INFORMATION_FORMAT = dwarf;
				ENABLE_STRICT_OBJC_MSGSEND = YES;
				ENABLE_TESTABILITY = YES;
				GCC_C_LANGUAGE_STANDARD = gnu11;
				GCC_DYNAMIC_NO_PIC = NO;
				GCC_NO_COMMON_BLOCKS = YES;
				GCC_OPTIMIZATION_LEVEL = 0;
				GCC_PREPROCESSOR_DEFINITIONS = (
					"DEBUG=1",
					"$(inherited)",
				);
				GCC_WARN_64_TO_32_BIT_CONVERSION = YES;
				GCC_WARN_ABOUT_RETURN_TYPE = YES_ERROR;
				GCC_WARN_UNDECLARED_SELECTOR = YES;
				GCC_WARN_UNINITIALIZED_AUTOS = YES_AGGRESSIVE;
				GCC_WARN_UNUSED_FUNCTION = YES;
				GCC_WARN_UNUSED_VARIABLE = YES;
				IPHONEOS_DEPLOYMENT_TARGET = 13.2;
				MTL_ENABLE_DEBUG_INFO = INCLUDE_SOURCE;
				MTL_FAST_MATH = YES;
				ONLY_ACTIVE_ARCH = YES;
				SDKROOT = iphoneos;
				SWIFT_ACTIVE_COMPILATION_CONDITIONS = DEBUG;
				SWIFT_OPTIMIZATION_LEVEL = "-Onone";
			};
			name = Debug;
		};
		DE12F00623F1242E009521E6 /* Release */ = {
			isa = XCBuildConfiguration;
			buildSettings = {
				ALWAYS_SEARCH_USER_PATHS = NO;
				CLANG_ANALYZER_NONNULL = YES;
				CLANG_ANALYZER_NUMBER_OBJECT_CONVERSION = YES_AGGRESSIVE;
				CLANG_CXX_LANGUAGE_STANDARD = "gnu++14";
				CLANG_CXX_LIBRARY = "libc++";
				CLANG_ENABLE_MODULES = YES;
				CLANG_ENABLE_OBJC_ARC = YES;
				CLANG_ENABLE_OBJC_WEAK = YES;
				CLANG_WARN_BLOCK_CAPTURE_AUTORELEASING = YES;
				CLANG_WARN_BOOL_CONVERSION = YES;
				CLANG_WARN_COMMA = YES;
				CLANG_WARN_CONSTANT_CONVERSION = YES;
				CLANG_WARN_DEPRECATED_OBJC_IMPLEMENTATIONS = YES;
				CLANG_WARN_DIRECT_OBJC_ISA_USAGE = YES_ERROR;
				CLANG_WARN_DOCUMENTATION_COMMENTS = YES;
				CLANG_WARN_EMPTY_BODY = YES;
				CLANG_WARN_ENUM_CONVERSION = YES;
				CLANG_WARN_INFINITE_RECURSION = YES;
				CLANG_WARN_INT_CONVERSION = YES;
				CLANG_WARN_NON_LITERAL_NULL_CONVERSION = YES;
				CLANG_WARN_OBJC_IMPLICIT_RETAIN_SELF = YES;
				CLANG_WARN_OBJC_LITERAL_CONVERSION = YES;
				CLANG_WARN_OBJC_ROOT_CLASS = YES_ERROR;
				CLANG_WARN_RANGE_LOOP_ANALYSIS = YES;
				CLANG_WARN_STRICT_PROTOTYPES = YES;
				CLANG_WARN_SUSPICIOUS_MOVE = YES;
				CLANG_WARN_UNGUARDED_AVAILABILITY = YES_AGGRESSIVE;
				CLANG_WARN_UNREACHABLE_CODE = YES;
				CLANG_WARN__DUPLICATE_METHOD_MATCH = YES;
				COPY_PHASE_STRIP = NO;
				DEBUG_INFORMATION_FORMAT = "dwarf-with-dsym";
				ENABLE_NS_ASSERTIONS = NO;
				ENABLE_STRICT_OBJC_MSGSEND = YES;
				GCC_C_LANGUAGE_STANDARD = gnu11;
				GCC_NO_COMMON_BLOCKS = YES;
				GCC_WARN_64_TO_32_BIT_CONVERSION = YES;
				GCC_WARN_ABOUT_RETURN_TYPE = YES_ERROR;
				GCC_WARN_UNDECLARED_SELECTOR = YES;
				GCC_WARN_UNINITIALIZED_AUTOS = YES_AGGRESSIVE;
				GCC_WARN_UNUSED_FUNCTION = YES;
				GCC_WARN_UNUSED_VARIABLE = YES;
				IPHONEOS_DEPLOYMENT_TARGET = 13.2;
				MTL_ENABLE_DEBUG_INFO = NO;
				MTL_FAST_MATH = YES;
				SDKROOT = iphoneos;
				SWIFT_COMPILATION_MODE = wholemodule;
				SWIFT_OPTIMIZATION_LEVEL = "-O";
				VALIDATE_PRODUCT = YES;
			};
			name = Release;
		};
		DE12F00823F1242E009521E6 /* Debug */ = {
			isa = XCBuildConfiguration;
			baseConfigurationReference = 425A03536FA9D22417D62CC7 /* Pods-RXSwiftDemo.debug.xcconfig */;
			buildSettings = {
				ASSETCATALOG_COMPILER_APPICON_NAME = AppIcon;
				CODE_SIGN_STYLE = Automatic;
				INFOPLIST_FILE = RXSwiftDemo/Info.plist;
				IPHONEOS_DEPLOYMENT_TARGET = 9.0;
				LD_RUNPATH_SEARCH_PATHS = (
					"$(inherited)",
					"@executable_path/Frameworks",
				);
				PRODUCT_BUNDLE_IDENTIFIER = demo.RXSwiftDemo;
				PRODUCT_NAME = "$(TARGET_NAME)";
				SWIFT_VERSION = 5.0;
				TARGETED_DEVICE_FAMILY = 1;
			};
			name = Debug;
		};
		DE12F00923F1242E009521E6 /* Release */ = {
			isa = XCBuildConfiguration;
			baseConfigurationReference = 2124150B13D34CB3CAC75ACD /* Pods-RXSwiftDemo.release.xcconfig */;
			buildSettings = {
				ASSETCATALOG_COMPILER_APPICON_NAME = AppIcon;
				CODE_SIGN_STYLE = Automatic;
				INFOPLIST_FILE = RXSwiftDemo/Info.plist;
				IPHONEOS_DEPLOYMENT_TARGET = 9.0;
				LD_RUNPATH_SEARCH_PATHS = (
					"$(inherited)",
					"@executable_path/Frameworks",
				);
				PRODUCT_BUNDLE_IDENTIFIER = demo.RXSwiftDemo;
				PRODUCT_NAME = "$(TARGET_NAME)";
				SWIFT_VERSION = 5.0;
				TARGETED_DEVICE_FAMILY = 1;
			};
			name = Release;
		};
		DE12F00B23F1242E009521E6 /* Debug */ = {
			isa = XCBuildConfiguration;
			baseConfigurationReference = 4DE976D9607DBDF4773FAD9C /* Pods-RXSwiftDemoTests.debug.xcconfig */;
			buildSettings = {
				ALWAYS_EMBED_SWIFT_STANDARD_LIBRARIES = YES;
				BUNDLE_LOADER = "$(TEST_HOST)";
				CODE_SIGN_STYLE = Automatic;
				INFOPLIST_FILE = RXSwiftDemoTests/Info.plist;
				IPHONEOS_DEPLOYMENT_TARGET = 13.2;
				LD_RUNPATH_SEARCH_PATHS = (
					"$(inherited)",
					"@executable_path/Frameworks",
					"@loader_path/Frameworks",
				);
				PRODUCT_BUNDLE_IDENTIFIER = demo.RXSwiftDemoTests;
				PRODUCT_NAME = "$(TARGET_NAME)";
				SWIFT_VERSION = 5.0;
				TARGETED_DEVICE_FAMILY = "1,2";
				TEST_HOST = "$(BUILT_PRODUCTS_DIR)/RXSwiftDemo.app/RXSwiftDemo";
			};
			name = Debug;
		};
		DE12F00C23F1242E009521E6 /* Release */ = {
			isa = XCBuildConfiguration;
			baseConfigurationReference = 811B805C3951D2722BF875DB /* Pods-RXSwiftDemoTests.release.xcconfig */;
			buildSettings = {
				ALWAYS_EMBED_SWIFT_STANDARD_LIBRARIES = YES;
				BUNDLE_LOADER = "$(TEST_HOST)";
				CODE_SIGN_STYLE = Automatic;
				INFOPLIST_FILE = RXSwiftDemoTests/Info.plist;
				IPHONEOS_DEPLOYMENT_TARGET = 13.2;
				LD_RUNPATH_SEARCH_PATHS = (
					"$(inherited)",
					"@executable_path/Frameworks",
					"@loader_path/Frameworks",
				);
				PRODUCT_BUNDLE_IDENTIFIER = demo.RXSwiftDemoTests;
				PRODUCT_NAME = "$(TARGET_NAME)";
				SWIFT_VERSION = 5.0;
				TARGETED_DEVICE_FAMILY = "1,2";
				TEST_HOST = "$(BUILT_PRODUCTS_DIR)/RXSwiftDemo.app/RXSwiftDemo";
			};
			name = Release;
		};
		DE12F00E23F1242E009521E6 /* Debug */ = {
			isa = XCBuildConfiguration;
			baseConfigurationReference = B14BF0DDC0B801F6DBE05EF5 /* Pods-RXSwiftDemo-RXSwiftDemoUITests.debug.xcconfig */;
			buildSettings = {
				ALWAYS_EMBED_SWIFT_STANDARD_LIBRARIES = YES;
				CODE_SIGN_STYLE = Automatic;
				INFOPLIST_FILE = RXSwiftDemoUITests/Info.plist;
				LD_RUNPATH_SEARCH_PATHS = (
					"$(inherited)",
					"@executable_path/Frameworks",
					"@loader_path/Frameworks",
				);
				PRODUCT_BUNDLE_IDENTIFIER = demo.RXSwiftDemoUITests;
				PRODUCT_NAME = "$(TARGET_NAME)";
				SWIFT_VERSION = 5.0;
				TARGETED_DEVICE_FAMILY = "1,2";
				TEST_TARGET_NAME = RXSwiftDemo;
			};
			name = Debug;
		};
		DE12F00F23F1242E009521E6 /* Release */ = {
			isa = XCBuildConfiguration;
			baseConfigurationReference = 7F4D1CDF0053E187AA6DEB37 /* Pods-RXSwiftDemo-RXSwiftDemoUITests.release.xcconfig */;
			buildSettings = {
				ALWAYS_EMBED_SWIFT_STANDARD_LIBRARIES = YES;
				CODE_SIGN_STYLE = Automatic;
				INFOPLIST_FILE = RXSwiftDemoUITests/Info.plist;
				LD_RUNPATH_SEARCH_PATHS = (
					"$(inherited)",
					"@executable_path/Frameworks",
					"@loader_path/Frameworks",
				);
				PRODUCT_BUNDLE_IDENTIFIER = demo.RXSwiftDemoUITests;
				PRODUCT_NAME = "$(TARGET_NAME)";
				SWIFT_VERSION = 5.0;
				TARGETED_DEVICE_FAMILY = "1,2";
				TEST_TARGET_NAME = RXSwiftDemo;
			};
			name = Release;
		};
/* End XCBuildConfiguration section */

/* Begin XCConfigurationList section */
		DE12EFD823F1242C009521E6 /* Build configuration list for PBXProject "RXSwiftDemo" */ = {
			isa = XCConfigurationList;
			buildConfigurations = (
				DE12F00523F1242E009521E6 /* Debug */,
				DE12F00623F1242E009521E6 /* Release */,
			);
			defaultConfigurationIsVisible = 0;
			defaultConfigurationName = Release;
		};
		DE12F00723F1242E009521E6 /* Build configuration list for PBXNativeTarget "RXSwiftDemo" */ = {
			isa = XCConfigurationList;
			buildConfigurations = (
				DE12F00823F1242E009521E6 /* Debug */,
				DE12F00923F1242E009521E6 /* Release */,
			);
			defaultConfigurationIsVisible = 0;
			defaultConfigurationName = Release;
		};
		DE12F00A23F1242E009521E6 /* Build configuration list for PBXNativeTarget "RXSwiftDemoTests" */ = {
			isa = XCConfigurationList;
			buildConfigurations = (
				DE12F00B23F1242E009521E6 /* Debug */,
				DE12F00C23F1242E009521E6 /* Release */,
			);
			defaultConfigurationIsVisible = 0;
			defaultConfigurationName = Release;
		};
		DE12F00D23F1242E009521E6 /* Build configuration list for PBXNativeTarget "RXSwiftDemoUITests" */ = {
			isa = XCConfigurationList;
			buildConfigurations = (
				DE12F00E23F1242E009521E6 /* Debug */,
				DE12F00F23F1242E009521E6 /* Release */,
			);
			defaultConfigurationIsVisible = 0;
			defaultConfigurationName = Release;
		};
/* End XCConfigurationList section */
	};
	rootObject = DE12EFD523F1242C009521E6 /* Project object */;
}
